
Microsoft Visual Studio Solution File, Format Version 12.00
# Visual Studio Version 17
VisualStudioVersion = 17.3.32929.385
MinimumVisualStudioVersion = 10.0.40219.1
Project("{FAE04EC0-301F-11D3-BF4B-00C04F79EFBC}") = "UnitTestingClase5", "UnitTestingClase5\UnitTestingClase5.csproj", "{B3813FFA-85E9-4B8A-8B95-A94F30BAC20C}"
EndProject
Global
	GlobalSection(SolutionConfigurationPlatforms) = preSolution
		Debug|Any CPU = Debug|Any CPU
		Release|Any CPU = Release|Any CPU
	EndGlobalSection
	GlobalSection(ProjectConfigurationPlatforms) = postSolution
		{B3813FFA-85E9-4B8A-8B95-A94F30BAC20C}.Debug|Any CPU.ActiveCfg = Debug|Any CPU
		{B3813FFA-85E9-4B8A-8B95-A94F30BAC20C}.Debug|Any CPU.Build.0 = Debug|Any CPU
		{B3813FFA-85E9-4B8A-8B95-A94F30BAC20C}.Release|Any CPU.ActiveCfg = Release|Any CPU
		{B3813FFA-85E9-4B8A-8B95-A94F30BAC20C}.Release|Any CPU.Build.0 = Release|Any CPU
	EndGlobalSection
	GlobalSection(SolutionProperties) = preSolution
		HideSolutionNode = FALSE
	EndGlobalSection
	GlobalSection(ExtensibilityGlobals) = postSolution
		SolutionGuid = {6BF78C8B-6565-403A-A053-F447E1D815E8}
	EndGlobalSection
EndGlobal
