
Microsoft Visual Studio Solution File, Format Version 12.00
# Visual Studio Version 17
VisualStudioVersion = 17.4.33110.190
MinimumVisualStudioVersion = 10.0.40219.1
Project("{FAE04EC0-301F-11D3-BF4B-00C04F79EFBC}") = "TDDExample", "TDDExample\TDDExample.csproj", "{CB824F66-2CCF-458F-BAB4-D74912DCF4CB}"
EndProject
Global
	GlobalSection(SolutionConfigurationPlatforms) = preSolution
		Debug|Any CPU = Debug|Any CPU
		Release|Any CPU = Release|Any CPU
	EndGlobalSection
	GlobalSection(ProjectConfigurationPlatforms) = postSolution
		{CB824F66-2CCF-458F-BAB4-D74912DCF4CB}.Debug|Any CPU.ActiveCfg = Debug|Any CPU
		{CB824F66-2CCF-458F-BAB4-D74912DCF4CB}.Debug|Any CPU.Build.0 = Debug|Any CPU
		{CB824F66-2CCF-458F-BAB4-D74912DCF4CB}.Release|Any CPU.ActiveCfg = Release|Any CPU
		{CB824F66-2CCF-458F-BAB4-D74912DCF4CB}.Release|Any CPU.Build.0 = Release|Any CPU
	EndGlobalSection
	GlobalSection(SolutionProperties) = preSolution
		HideSolutionNode = FALSE
	EndGlobalSection
	GlobalSection(ExtensibilityGlobals) = postSolution
		SolutionGuid = {769C03D9-1F1B-4099-90BE-DADB94472542}
	EndGlobalSection
EndGlobal
